version = 1
revision = 3
requires-python = "==3.10.*"

[[package]]
name = "attrs"
version = "25.4.0"
source = { registry = "https://pypi.org/simple" }
sdist = { url = "https://files.pythonhosted.org/packages/6b/5c/685e6633917e101e5dcb62b9dd76946cbb57c26e133bae9e0cd36033c0a9/attrs-25.4.0.tar.gz", hash = "sha256:16d5969b87f0859ef33a48b35d55ac1be6e42ae49d5e853b597db70c35c57e11", size = 934251, upload-time = "2025-10-06T13:54:44.725Z" }
wheels = [
    { url = "https://files.pythonhosted.org/packages/3a/2a/7cc015f5b9f5db42b7d48157e23356022889fc354a2813c15934b7cb5c0e/attrs-25.4.0-py3-none-any.whl", hash = "sha256:adcf7e2a1fb3b36ac48d97835bb6d8ade15b8dcce26aba8bf1d14847b57a3373", size = 67615, upload-time = "2025-10-06T13:54:43.17Z" },
]

[[package]]
name = "certifi"
version = "2026.1.4"
source = { registry = "https://pypi.org/simple" }
sdist = { url = "https://files.pythonhosted.org/packages/e0/2d/a891ca51311197f6ad14a7ef42e2399f36cf2f9bd44752b3dc4eab60fdc5/certifi-2026.1.4.tar.gz", hash = "sha256:ac726dd470482006e014ad384921ed6438c457018f4b3d204aea4281258b2120", size = 154268, upload-time = "2026-01-04T02:42:41.825Z" }
wheels = [
    { url = "https://files.pythonhosted.org/packages/e6/ad/3cc14f097111b4de0040c83a525973216457bbeeb63739ef1ed275c1c021/certifi-2026.1.4-py3-none-any.whl", hash = "sha256:9943707519e4add1115f44c2bc244f782c0249876bf51b6599fee1ffbedd685c", size = 152900, upload-time = "2026-01-04T02:42:40.15Z" },
]

[[package]]
name = "charset-normalizer"
version = "2.0.12"
source = { registry = "https://pypi.org/simple" }
sdist = { url = "https://files.pythonhosted.org/packages/56/31/7bcaf657fafb3c6db8c787a865434290b726653c912085fbd371e9b92e1c/charset-normalizer-2.0.12.tar.gz", hash = "sha256:2857e29ff0d34db842cd7ca3230549d1a697f96ee6d3fb071cfa6c7393832597", size = 79105, upload-time = "2022-02-12T14:33:13.788Z" }
wheels = [
    { url = "https://files.pythonhosted.org/packages/06/b3/24afc8868eba069a7f03650ac750a778862dc34941a4bebeb58706715726/charset_normalizer-2.0.12-py3-none-any.whl", hash = "sha256:6881edbebdb17b39b4eaaa821b438bf6eddffb4468cf344f09f89def34a8b1df", size = 39623, upload-time = "2022-02-12T14:33:12.294Z" },
]

[[package]]
name = "click"
version = "8.3.1"
source = { registry = "https://pypi.org/simple" }
dependencies = [
    { name = "colorama", marker = "sys_platform == 'win32'" },
]
sdist = { url = "https://files.pythonhosted.org/packages/3d/fa/656b739db8587d7b5dfa22e22ed02566950fbfbcdc20311993483657a5c0/click-8.3.1.tar.gz", hash = "sha256:12ff4785d337a1bb490bb7e9c2b1ee5da3112e94a8622f26a6c77f5d2fc6842a", size = 295065, upload-time = "2025-11-15T20:45:42.706Z" }
wheels = [
    { url = "https://files.pythonhosted.org/packages/98/78/01c019cdb5d6498122777c1a43056ebb3ebfeef2076d9d026bfe15583b2b/click-8.3.1-py3-none-any.whl", hash = "sha256:981153a64e25f12d547d3426c367a4857371575ee7ad18df2a6183ab0545b2a6", size = 108274, upload-time = "2025-11-15T20:45:41.139Z" },
]

[[package]]
name = "colorama"
version = "0.4.6"
source = { registry = "https://pypi.org/simple" }
sdist = { url = "https://files.pythonhosted.org/packages/d8/53/6f443c9a4a8358a93a6792e2acffb9d9d5cb0a5cfd8802644b7b1c9a02e4/colorama-0.4.6.tar.gz", hash = "sha256:08695f5cb7ed6e0531a20572697297273c47b8cae5a63ffc6d6ed5c201be6e44", size = 27697, upload-time = "2022-10-25T02:36:22.414Z" }
wheels = [
    { url = "https://files.pythonhosted.org/packages/d1/d6/3965ed04c63042e047cb6a3e6ed1a63a35087b6a609aa3a15ed8ac56c221/colorama-0.4.6-py2.py3-none-any.whl", hash = "sha256:4f1d9991f5acc0ca119f9d443620b77f9d6b33703e51011c16baf57afb285fc6", size = 25335, upload-time = "2022-10-25T02:36:20.889Z" },
]

[[package]]
name = "colormath"
version = "3.0.0"
source = { registry = "https://pypi.org/simple" }
dependencies = [
    { name = "networkx" },
    { name = "numpy" },
]
sdist = { url = "https://files.pythonhosted.org/packages/ce/cf/70ea34103a76cc6fb1892289bda321cd0cc73b1a5500ee7fe9ef9f64acef/colormath-3.0.0.tar.gz", hash = "sha256:3d4605af344527da0e4f9f504fad7ddbebda35322c566a6c72e28edb1ff31217", size = 39761, upload-time = "2017-12-27T20:15:11.537Z" }

[[package]]
name = "idna"
version = "3.11"
source = { registry = "https://pypi.org/simple" }
sdist = { url = "https://files.pythonhosted.org/packages/6f/6d/0703ccc57f3a7233505399edb88de3cbd678da106337b9fcde432b65ed60/idna-3.11.tar.gz", hash = "sha256:795dafcc9c04ed0c1fb032c2aa73654d8e8c5023a7df64a53f39190ada629902", size = 194582, upload-time = "2025-10-12T14:55:20.501Z" }
wheels = [
    { url = "https://files.pythonhosted.org/packages/0e/61/66938bbb5fc52dbdf84594873d5b51fb1f7c7794e9c0f5bd885f30bc507b/idna-3.11-py3-none-any.whl", hash = "sha256:771a87f49d9defaf64091e6e6fe9c18d4833f140bd19464795bc32d966ca37ea", size = 71008, upload-time = "2025-10-12T14:55:18.883Z" },
]

[[package]]
name = "json5"
version = "0.13.0"
source = { registry = "https://pypi.org/simple" }
sdist = { url = "https://files.pythonhosted.org/packages/77/e8/a3f261a66e4663f22700bc8a17c08cb83e91fbf086726e7a228398968981/json5-0.13.0.tar.gz", hash = "sha256:b1edf8d487721c0bf64d83c28e91280781f6e21f4a797d3261c7c828d4c165bf", size = 52441, upload-time = "2026-01-01T19:42:14.99Z" }
wheels = [
    { url = "https://files.pythonhosted.org/packages/d7/9e/038522f50ceb7e74f1f991bf1b699f24b0c2bbe7c390dd36ad69f4582258/json5-0.13.0-py3-none-any.whl", hash = "sha256:9a08e1dd65f6a4d4c6fa82d216cf2477349ec2346a38fd70cc11d2557499fbcc", size = 36163, upload-time = "2026-01-01T19:42:13.962Z" },
]

[[package]]
name = "jsonschema"
version = "4.26.0"
source = { registry = "https://pypi.org/simple" }
dependencies = [
    { name = "attrs" },
    { name = "jsonschema-specifications" },
    { name = "referencing" },
    { name = "rpds-py" },
]
sdist = { url = "https://files.pythonhosted.org/packages/b3/fc/e067678238fa451312d4c62bf6e6cf5ec56375422aee02f9cb5f909b3047/jsonschema-4.26.0.tar.gz", hash = "sha256:0c26707e2efad8aa1bfc5b7ce170f3fccc2e4918ff85989ba9ffa9facb2be326", size = 366583, upload-time = "2026-01-07T13:41:07.246Z" }
wheels = [
    { url = "https://files.pythonhosted.org/packages/69/90/f63fb5873511e014207a475e2bb4e8b2e570d655b00ac19a9a0ca0a385ee/jsonschema-4.26.0-py3-none-any.whl", hash = "sha256:d489f15263b8d200f8387e64b4c3a75f06629559fb73deb8fdfb525f2dab50ce", size = 90630, upload-time = "2026-01-07T13:41:05.306Z" },
]

[[package]]
name = "jsonschema-specifications"
version = "2025.9.1"
source = { registry = "https://pypi.org/simple" }
dependencies = [
    { name = "referencing" },
]
sdist = { url = "https://files.pythonhosted.org/packages/19/74/a633ee74eb36c44aa6d1095e7cc5569bebf04342ee146178e2d36600708b/jsonschema_specifications-2025.9.1.tar.gz", hash = "sha256:b540987f239e745613c7a9176f3edb72b832a4ac465cf02712288397832b5e8d", size = 32855, upload-time = "2025-09-08T01:34:59.186Z" }
wheels = [
    { url = "https://files.pythonhosted.org/packages/41/45/1a4ed80516f02155c51f51e8cedb3c1902296743db0bbc66608a0db2814f/jsonschema_specifications-2025.9.1-py3-none-any.whl", hash = "sha256:98802fee3a11ee76ecaca44429fda8a41bff98b00a0f2838151b113f210cc6fe", size = 18437, upload-time = "2025-09-08T01:34:57.871Z" },
]

[[package]]
name = "keymap-renderer"
version = "0.1.0"
source = { virtual = "." }
dependencies = [
    { name = "colormath" },
    { name = "json5" },
    { name = "jsonschema" },
    { name = "lxml" },
    { name = "markdown-pdf" },
    { name = "pillow" },
    { name = "requests" },
    { name = "tinycss2" },
    { name = "typer" },
    { name = "xdg-base-dirs" },
]

[package.metadata]
requires-dist = [
    { name = "colormath", specifier = "==3.0.0" },
    { name = "json5", specifier = ">=0.13.0" },
    { name = "jsonschema", specifier = ">=4.26.0" },
    { name = "lxml", specifier = "==4.8.0" },
    { name = "markdown-pdf", specifier = ">=1.10" },
    { name = "pillow", specifier = "==9.1.0" },
    { name = "requests", specifier = "==2.27.1" },
    { name = "tinycss2", specifier = "==1.1.1" },
    { name = "typer", specifier = ">=0.21.1" },
    { name = "xdg-base-dirs", specifier = ">=6.0.2" },
]

[[package]]
name = "lxml"
version = "4.8.0"
source = { registry = "https://pypi.org/simple" }
sdist = { url = "https://files.pythonhosted.org/packages/3b/94/e2b1b3bad91d15526c7e38918795883cee18b93f6785ea8ecf13f8ffa01e/lxml-4.8.0.tar.gz", hash = "sha256:f63f62fc60e6228a4ca9abae28228f35e1bd3ce675013d1dfb828688d50c6e23", size = 3209187, upload-time = "2022-02-17T14:32:57.348Z" }
wheels = [
    { url = "https://files.pythonhosted.org/packages/a1/44/17b7dac7a18807d30e2fe10c3328c152808f5464565e230bfd0e77f178c6/lxml-4.8.0-cp310-cp310-macosx_10_15_x86_64.whl", hash = "sha256:31ba2cbc64516dcdd6c24418daa7abff989ddf3ba6d3ea6f6ce6f2ed6e754ec9", size = 4586617, upload-time = "2022-02-17T14:33:40.624Z" },
    { url = "https://files.pythonhosted.org/packages/94/93/20ed8af8f5d3b5d325acd25e20c6250570d5472a604d16f7d723b07f05ba/lxml-4.8.0-cp310-cp310-manylinux_2_12_i686.manylinux2010_i686.manylinux_2_24_i686.whl", hash = "sha256:31499847fc5f73ee17dbe1b8e24c6dafc4e8d5b48803d17d22988976b0171f03", size = 7035005, upload-time = "2022-02-17T14:33:44.925Z" },
    { url = "https://files.pythonhosted.org/packages/46/be/d823c763f0265a6bc086e05bec3dd2d16ad633c725e45e5f4e773ce945a7/lxml-4.8.0-cp310-cp310-manylinux_2_17_aarch64.manylinux2014_aarch64.manylinux_2_24_aarch64.whl", hash = "sha256:5f7d7d9afc7b293147e2d506a4596641d60181a35279ef3aa5778d0d9d9123fe", size = 6614620, upload-time = "2022-02-17T14:33:49.701Z" },
    { url = "https://files.pythonhosted.org/packages/25/1e/19b46d8e8881fe0df2e20945d51919eeb1817836d62a90efa8506530e45c/lxml-4.8.0-cp310-cp310-manylinux_2_17_x86_64.manylinux2014_x86_64.manylinux_2_24_x86_64.whl", hash = "sha256:a3c5f1a719aa11866ffc530d54ad965063a8cbbecae6515acbd5f0fae8f48eaa", size = 6951192, upload-time = "2022-02-17T14:33:54.041Z" },
    { url = "https://files.pythonhosted.org/packages/66/e9/2ac357122a0b279116e859f8a57cdc4e0543668f7cda3ed0163464f17984/lxml-4.8.0-cp310-cp310-musllinux_1_1_x86_64.whl", hash = "sha256:6268e27873a3d191849204d00d03f65c0e343b3bcb518a6eaae05677c95621d1", size = 7695636, upload-time = "2022-02-17T14:33:58.039Z" },
    { url = "https://files.pythonhosted.org/packages/f8/50/bae8ef4e17697fd2b23477c21ee6f225ee5d2f538a2f9a15a3cdecab8ad4/lxml-4.8.0-cp310-cp310-win32.whl", hash = "sha256:330bff92c26d4aee79c5bc4d9967858bdbe73fdbdbacb5daf623a03a914fe05b", size = 3293562, upload-time = "2022-02-17T14:34:01.074Z" },
    { url = "https://files.pythonhosted.org/packages/f6/71/65c80a4caa1617a4c6e8fe1500cebb179db96232e2f623bfe6a1f4294e39/lxml-4.8.0-cp310-cp310-win_amd64.whl", hash = "sha256:b2582b238e1658c4061ebe1b4df53c435190d22457642377fd0cb30685cdfb76", size = 3614883, upload-time = "2022-02-17T14:34:03.738Z" },
]

[[package]]
name = "markdown-it-py"
version = "3.0.0"
source = { registry = "https://pypi.org/simple" }
dependencies = [
    { name = "mdurl" },
]
sdist = { url = "https://files.pythonhosted.org/packages/38/71/3b932df36c1a044d397a1f92d1cf91ee0a503d91e470cbd670aa66b07ed0/markdown-it-py-3.0.0.tar.gz", hash = "sha256:e3f60a94fa066dc52ec76661e37c851cb232d92f9886b15cb560aaada2df8feb", size = 74596, upload-time = "2023-06-03T06:41:14.443Z" }
wheels = [
    { url = "https://files.pythonhosted.org/packages/42/d7/1ec15b46af6af88f19b8e5ffea08fa375d433c998b8a7639e76935c14f1f/markdown_it_py-3.0.0-py3-none-any.whl", hash = "sha256:355216845c60bd96232cd8d8c40e8f9765cc86f46880e43a8fd22dc1a1a8cab1", size = 87528, upload-time = "2023-06-03T06:41:11.019Z" },
]

[[package]]
name = "markdown-pdf"
version = "1.10"
source = { registry = "https://pypi.org/simple" }
dependencies = [
    { name = "markdown-it-py" },
    { name = "pymupdf" },
]
sdist = { url = "https://files.pythonhosted.org/packages/5e/e6/969311a194074afa9672324244adbf64a7e8663f2ba0003395b7140f5c4a/markdown_pdf-1.10.tar.gz", hash = "sha256:bcf23d816baa56aec3a60f940681652c4e46ee048c6335835cddf86d1ff20a8e", size = 17783, upload-time = "2025-09-24T19:01:38.758Z" }
wheels = [
    { url = "https://files.pythonhosted.org/packages/1f/78/c593979cf1525be786d63b285a7a67afae397fc132382158432490ebd1ed/markdown_pdf-1.10-py3-none-any.whl", hash = "sha256:1863e78454e5aa9bcb34c125f385d4ff045c727660c5172877e82e69d06fae6d", size = 17994, upload-time = "2025-09-24T19:01:37.155Z" },
]

[[package]]
name = "mdurl"
version = "0.1.2"
source = { registry = "https://pypi.org/simple" }
sdist = { url = "https://files.pythonhosted.org/packages/d6/54/cfe61301667036ec958cb99bd3efefba235e65cdeb9c84d24a8293ba1d90/mdurl-0.1.2.tar.gz", hash = "sha256:bb413d29f5eea38f31dd4754dd7377d4465116fb207585f97bf925588687c1ba", size = 8729, upload-time = "2022-08-14T12:40:10.846Z" }
wheels = [
    { url = "https://files.pythonhosted.org/packages/b3/38/89ba8ad64ae25be8de66a6d463314cf1eb366222074cfda9ee839c56a4b4/mdurl-0.1.2-py3-none-any.whl", hash = "sha256:84008a41e51615a49fc9966191ff91509e3c40b939176e643fd50a5c2196b8f8", size = 9979, upload-time = "2022-08-14T12:40:09.779Z" },
]

[[package]]
name = "networkx"
version = "3.4.2"
source = { registry = "https://pypi.org/simple" }
sdist = { url = "https://files.pythonhosted.org/packages/fd/1d/06475e1cd5264c0b870ea2cc6fdb3e37177c1e565c43f56ff17a10e3937f/networkx-3.4.2.tar.gz", hash = "sha256:307c3669428c5362aab27c8a1260aa8f47c4e91d3891f48be0141738d8d053e1", size = 2151368, upload-time = "2024-10-21T12:39:38.695Z" }
wheels = [
    { url = "https://files.pythonhosted.org/packages/b9/54/dd730b32ea14ea797530a4479b2ed46a6fb250f682a9cfb997e968bf0261/networkx-3.4.2-py3-none-any.whl", hash = "sha256:df5d4365b724cf81b8c6a7312509d0c22386097011ad1abe274afd5e9d3bbc5f", size = 1723263, upload-time = "2024-10-21T12:39:36.247Z" },
]

[[package]]
name = "numpy"
version = "2.2.6"
source = { registry = "https://pypi.org/simple" }
sdist = { url = "https://files.pythonhosted.org/packages/76/21/7d2a95e4bba9dc13d043ee156a356c0a8f0c6309dff6b21b4d71a073b8a8/numpy-2.2.6.tar.gz", hash = "sha256:e29554e2bef54a90aa5cc07da6ce955accb83f21ab5de01a62c8478897b264fd", size = 20276440, upload-time = "2025-05-17T22:38:04.611Z" }
wheels = [
    { url = "https://files.pythonhosted.org/packages/9a/3e/ed6db5be21ce87955c0cbd3009f2803f59fa08df21b5df06862e2d8e2bdd/numpy-2.2.6-cp310-cp310-macosx_10_9_x86_64.whl", hash = "sha256:b412caa66f72040e6d268491a59f2c43bf03eb6c96dd8f0307829feb7fa2b6fb", size = 21165245, upload-time = "2025-05-17T21:27:58.555Z" },
    { url = "https://files.pythonhosted.org/packages/22/c2/4b9221495b2a132cc9d2eb862e21d42a009f5a60e45fc44b00118c174bff/numpy-2.2.6-cp310-cp310-macosx_11_0_arm64.whl", hash = "sha256:8e41fd67c52b86603a91c1a505ebaef50b3314de0213461c7a6e99c9a3beff90", size = 14360048, upload-time = "2025-05-17T21:28:21.406Z" },
    { url = "https://files.pythonhosted.org/packages/fd/77/dc2fcfc66943c6410e2bf598062f5959372735ffda175b39906d54f02349/numpy-2.2.6-cp310-cp310-macosx_14_0_arm64.whl", hash = "sha256:37e990a01ae6ec7fe7fa1c26c55ecb672dd98b19c3d0e1d1f326fa13cb38d163", size = 5340542, upload-time = "2025-05-17T21:28:30.931Z" },
    { url = "https://files.pythonhosted.org/packages/7a/4f/1cb5fdc353a5f5cc7feb692db9b8ec2c3d6405453f982435efc52561df58/numpy-2.2.6-cp310-cp310-macosx_14_0_x86_64.whl", hash = "sha256:5a6429d4be8ca66d889b7cf70f536a397dc45ba6faeb5f8c5427935d9592e9cf", size = 6878301, upload-time = "2025-05-17T21:28:41.613Z" },
    { url = "https://files.pythonhosted.org/packages/eb/17/96a3acd228cec142fcb8723bd3cc39c2a474f7dcf0a5d16731980bcafa95/numpy-2.2.6-cp310-cp310-manylinux_2_17_aarch64.manylinux2014_aarch64.whl", hash = "sha256:efd28d4e9cd7d7a8d39074a4d44c63eda73401580c5c76acda2ce969e0a38e83", size = 14297320, upload-time = "2025-05-17T21:29:02.78Z" },
    { url = "https://files.pythonhosted.org/packages/b4/63/3de6a34ad7ad6646ac7d2f55ebc6ad439dbbf9c4370017c50cf403fb19b5/numpy-2.2.6-cp310-cp310-manylinux_2_17_x86_64.manylinux2014_x86_64.whl", hash = "sha256:fc7b73d02efb0e18c000e9ad8b83480dfcd5dfd11065997ed4c6747470ae8915", size = 16801050, upload-time = "2025-05-17T21:29:27.675Z" },
    { url = "https://files.pythonhosted.org/packages/07/b6/89d837eddef52b3d0cec5c6ba0456c1bf1b9ef6a6672fc2b7873c3ec4e2e/numpy-2.2.6-cp310-cp310-musllinux_1_2_aarch64.whl", hash = "sha256:74d4531beb257d2c3f4b261bfb0fc09e0f9ebb8842d82a7b4209415896adc680", size = 15807034, upload-time = "2025-05-17T21:29:51.102Z" },
    { url = "https://files.pythonhosted.org/packages/01/c8/dc6ae86e3c61cfec1f178e5c9f7858584049b6093f843bca541f94120920/numpy-2.2.6-cp310-cp310-musllinux_1_2_x86_64.whl", hash = "sha256:8fc377d995680230e83241d8a96def29f204b5782f371c532579b4f20607a289", size = 18614185, upload-time = "2025-05-17T21:30:18.703Z" },
    { url = "https://files.pythonhosted.org/packages/5b/c5/0064b1b7e7c89137b471ccec1fd2282fceaae0ab3a9550f2568782d80357/numpy-2.2.6-cp310-cp310-win32.whl", hash = "sha256:b093dd74e50a8cba3e873868d9e93a85b78e0daf2e98c6797566ad8044e8363d", size = 6527149, upload-time = "2025-05-17T21:30:29.788Z" },
    { url = "https://files.pythonhosted.org/packages/a3/dd/4b822569d6b96c39d1215dbae0582fd99954dcbcf0c1a13c61783feaca3f/numpy-2.2.6-cp310-cp310-win_amd64.whl", hash = "sha256:f0fd6321b839904e15c46e0d257fdd101dd7f530fe03fd6359c1ea63738703f3", size = 12904620, upload-time = "2025-05-17T21:30:48.994Z" },
    { url = "https://files.pythonhosted.org/packages/9e/3b/d94a75f4dbf1ef5d321523ecac21ef23a3cd2ac8b78ae2aac40873590229/numpy-2.2.6-pp310-pypy310_pp73-macosx_10_15_x86_64.whl", hash = "sha256:0b605b275d7bd0c640cad4e5d30fa701a8d59302e127e5f79138ad62762c3e3d", size = 21040391, upload-time = "2025-05-17T21:44:35.948Z" },
    { url = "https://files.pythonhosted.org/packages/17/f4/09b2fa1b58f0fb4f7c7963a1649c64c4d315752240377ed74d9cd878f7b5/numpy-2.2.6-pp310-pypy310_pp73-macosx_14_0_x86_64.whl", hash = "sha256:7befc596a7dc9da8a337f79802ee8adb30a552a94f792b9c9d18c840055907db", size = 6786754, upload-time = "2025-05-17T21:44:47.446Z" },
    { url = "https://files.pythonhosted.org/packages/af/30/feba75f143bdc868a1cc3f44ccfa6c4b9ec522b36458e738cd00f67b573f/numpy-2.2.6-pp310-pypy310_pp73-manylinux_2_17_x86_64.manylinux2014_x86_64.whl", hash = "sha256:ce47521a4754c8f4593837384bd3424880629f718d87c5d44f8ed763edd63543", size = 16643476, upload-time = "2025-05-17T21:45:11.871Z" },
    { url = "https://files.pythonhosted.org/packages/37/48/ac2a9584402fb6c0cd5b5d1a91dcf176b15760130dd386bbafdbfe3640bf/numpy-2.2.6-pp310-pypy310_pp73-win_amd64.whl", hash = "sha256:d042d24c90c41b54fd506da306759e06e568864df8ec17ccc17e9e884634fd00", size = 12812666, upload-time = "2025-05-17T21:45:31.426Z" },
]

[[package]]
name = "pillow"
version = "9.1.0"
source = { registry = "https://pypi.org/simple" }
sdist = { url = "https://files.pythonhosted.org/packages/4b/83/090146d7871d90a2643d469c319c1d014e41b315ab5cf0f8b4b6a764ef31/Pillow-9.1.0.tar.gz", hash = "sha256:f401ed2bbb155e1ade150ccc63db1a4f6c1909d3d378f7d1235a44e90d75fb97", size = 49760285, upload-time = "2022-04-01T14:39:05.848Z" }
wheels = [
    { url = "https://files.pythonhosted.org/packages/0c/6a/f0021d1959d2778289476d60470aba964fb08dda587ec53929272e5ed3dc/Pillow-9.1.0-cp310-cp310-macosx_10_9_x86_64.whl", hash = "sha256:af79d3fde1fc2e33561166d62e3b63f0cc3e47b5a3a2e5fea40d4917754734ea", size = 3079910, upload-time = "2022-04-01T14:37:06.263Z" },
    { url = "https://files.pythonhosted.org/packages/ae/72/15262deceb510699312aed622bc89016a1bcb7571f2579e4e37aab754a2f/Pillow-9.1.0-cp310-cp310-macosx_11_0_arm64.whl", hash = "sha256:55dd1cf09a1fd7c7b78425967aacae9b0d70125f7d3ab973fadc7b5abc3de652", size = 2763587, upload-time = "2022-04-01T14:37:08.791Z" },
    { url = "https://files.pythonhosted.org/packages/c1/50/23b6d47aadf2693a81b5d6bb09c1805bf54b26866e512fad4b325c1e2d6f/Pillow-9.1.0-cp310-cp310-manylinux_2_17_aarch64.manylinux2014_aarch64.whl", hash = "sha256:66822d01e82506a19407d1afc104c3fcea3b81d5eb11485e593ad6b8492f995a", size = 4254131, upload-time = "2022-04-02T07:21:54.691Z" },
    { url = "https://files.pythonhosted.org/packages/b6/5c/2c4029bd0b3a3975b7b143453f9e99935adf29c276b8fa9a2a105f3ae09b/Pillow-9.1.0-cp310-cp310-manylinux_2_17_i686.manylinux2014_i686.whl", hash = "sha256:a5eaf3b42df2bcda61c53a742ee2c6e63f777d0e085bbc6b2ab7ed57deb13db7", size = 4362269, upload-time = "2022-04-01T14:37:12.285Z" },
    { url = "https://files.pythonhosted.org/packages/b2/d8/a6ad4dfc8817c64df65eb7b53b9bacbf59e9c65df5b3ca8ee6e2bb371796/Pillow-9.1.0-cp310-cp310-manylinux_2_17_x86_64.manylinux2014_x86_64.whl", hash = "sha256:01ce45deec9df310cbbee11104bae1a2a43308dd9c317f99235b6d3080ddd66e", size = 4349249, upload-time = "2022-04-01T14:37:15.382Z" },
    { url = "https://files.pythonhosted.org/packages/fb/dd/fbc91370d0456a0b3f655e2866434bd5cfa49a1f60d09b486335ac6503ce/Pillow-9.1.0-cp310-cp310-musllinux_1_1_x86_64.whl", hash = "sha256:aea7ce61328e15943d7b9eaca87e81f7c62ff90f669116f857262e9da4057ba3", size = 4492059, upload-time = "2022-04-01T14:37:19.009Z" },
    { url = "https://files.pythonhosted.org/packages/00/dd/4a4fecf2b331c0177785636b763cc9e88aaabe1b8362a61f67aaee26561a/Pillow-9.1.0-cp310-cp310-win32.whl", hash = "sha256:7a053bd4d65a3294b153bdd7724dce864a1d548416a5ef61f6d03bf149205160", size = 2820246, upload-time = "2022-04-01T14:37:21.641Z" },
    { url = "https://files.pythonhosted.org/packages/a8/df/1177786a2d1c0bf732ba6d5f05a2fa40f016e81e1c16d62f1101e35d271e/Pillow-9.1.0-cp310-cp310-win_amd64.whl", hash = "sha256:97bda660702a856c2c9e12ec26fc6d187631ddfd896ff685814ab21ef0597033", size = 3265061, upload-time = "2022-04-01T14:37:24.745Z" },
]

[[package]]
name = "pygments"
version = "2.19.2"
source = { registry = "https://pypi.org/simple" }
sdist = { url = "https://files.pythonhosted.org/packages/b0/77/a5b8c569bf593b0140bde72ea885a803b82086995367bf2037de0159d924/pygments-2.19.2.tar.gz", hash = "sha256:636cb2477cec7f8952536970bc533bc43743542f70392ae026374600add5b887", size = 4968631, upload-time = "2025-06-21T13:39:12.283Z" }
wheels = [
    { url = "https://files.pythonhosted.org/packages/c7/21/705964c7812476f378728bdf590ca4b771ec72385c533964653c68e86bdc/pygments-2.19.2-py3-none-any.whl", hash = "sha256:86540386c03d588bb81d44bc3928634ff26449851e99741617ecb9037ee5ec0b", size = 1225217, upload-time = "2025-06-21T13:39:07.939Z" },
]

[[package]]
name = "pymupdf"
version = "1.26.7"
source = { registry = "https://pypi.org/simple" }
sdist = { url = "https://files.pythonhosted.org/packages/48/d6/09b28f027b510838559f7748807192149c419b30cb90e6d5f0cf916dc9dc/pymupdf-1.26.7.tar.gz", hash = "sha256:71add8bdc8eb1aaa207c69a13400693f06ad9b927bea976f5d5ab9df0bb489c3", size = 84327033, upload-time = "2025-12-11T21:48:50.694Z" }
wheels = [
    { url = "https://files.pythonhosted.org/packages/94/35/cd74cea1787b2247702ef8522186bdef32e9cb30a099e6bb864627ef6045/pymupdf-1.26.7-cp310-abi3-macosx_10_9_x86_64.whl", hash = "sha256:07085718dfdae5ab83b05eb5eb397f863bcc538fe05135318a01ea353e7a1353", size = 23179369, upload-time = "2025-12-11T21:47:21.587Z" },
    { url = "https://files.pythonhosted.org/packages/72/74/448b6172927c829c6a3fba80078d7b0a016ebbe2c9ee528821f5ea21677a/pymupdf-1.26.7-cp310-abi3-macosx_11_0_arm64.whl", hash = "sha256:31aa9c8377ea1eea02934b92f4dcf79fb2abba0bf41f8a46d64c3e31546a3c02", size = 22470101, upload-time = "2025-12-11T21:47:37.105Z" },
    { url = "https://files.pythonhosted.org/packages/65/e7/47af26f3ac76be7ac3dd4d6cc7ee105948a8355d774e5ca39857bf91c11c/pymupdf-1.26.7-cp310-abi3-manylinux_2_28_aarch64.whl", hash = "sha256:e419b609996434a14a80fa060adec72c434a1cca6a511ec54db9841bc5d51b3c", size = 23502486, upload-time = "2025-12-12T09:51:25.824Z" },
    { url = "https://files.pythonhosted.org/packages/2a/6b/3de1714d734ff949be1e90a22375d0598d3540b22ae73eb85c2d7d1f36a9/pymupdf-1.26.7-cp310-abi3-manylinux_2_28_x86_64.whl", hash = "sha256:69dfc78f206a96e5b3ac22741263ebab945fdf51f0dbe7c5757c3511b23d9d72", size = 24115727, upload-time = "2025-12-11T21:47:51.274Z" },
    { url = "https://files.pythonhosted.org/packages/62/9b/f86224847949577a523be2207315ae0fd3155b5d909cd66c274d095349a3/pymupdf-1.26.7-cp310-abi3-musllinux_1_2_x86_64.whl", hash = "sha256:1d5106f46e1ca0d64d46bd51892372a4f82076bdc14a9678d33d630702abca36", size = 24324386, upload-time = "2025-12-12T14:58:45.483Z" },
    { url = "https://files.pythonhosted.org/packages/85/8e/a117d39092ca645fde8b903f4a941d9aa75b370a67b4f1f435f56393dc5a/pymupdf-1.26.7-cp310-abi3-win32.whl", hash = "sha256:7c9645b6f5452629c747690190350213d3e5bbdb6b2eca227d82702b327f6eee", size = 17203888, upload-time = "2025-12-12T13:59:57.613Z" },
    { url = "https://files.pythonhosted.org/packages/dd/c3/d0047678146c294469c33bae167c8ace337deafb736b0bf97b9bc481aa65/pymupdf-1.26.7-cp310-abi3-win_amd64.whl", hash = "sha256:425b1befe40d41b72eb0fe211711c7ae334db5eb60307e9dd09066ed060cceba", size = 18405952, upload-time = "2025-12-11T21:48:02.947Z" },
]

[[package]]
name = "referencing"
version = "0.37.0"
source = { registry = "https://pypi.org/simple" }
dependencies = [
    { name = "attrs" },
    { name = "rpds-py" },
    { name = "typing-extensions" },
]
sdist = { url = "https://files.pythonhosted.org/packages/22/f5/df4e9027acead3ecc63e50fe1e36aca1523e1719559c499951bb4b53188f/referencing-0.37.0.tar.gz", hash = "sha256:44aefc3142c5b842538163acb373e24cce6632bd54bdb01b21ad5863489f50d8", size = 78036, upload-time = "2025-10-13T15:30:48.871Z" }
wheels = [
    { url = "https://files.pythonhosted.org/packages/2c/58/ca301544e1fa93ed4f80d724bf5b194f6e4b945841c5bfd555878eea9fcb/referencing-0.37.0-py3-none-any.whl", hash = "sha256:381329a9f99628c9069361716891d34ad94af76e461dcb0335825aecc7692231", size = 26766, upload-time = "2025-10-13T15:30:47.625Z" },
]

[[package]]
name = "requests"
version = "2.27.1"
source = { registry = "https://pypi.org/simple" }
dependencies = [
    { name = "certifi" },
    { name = "charset-normalizer" },
    { name = "idna" },
    { name = "urllib3" },
]
sdist = { url = "https://files.pythonhosted.org/packages/60/f3/26ff3767f099b73e0efa138a9998da67890793bfa475d8278f84a30fec77/requests-2.27.1.tar.gz", hash = "sha256:68d7c56fd5a8999887728ef304a6d12edc7be74f1cfa47714fc8b414525c9a61", size = 106758, upload-time = "2022-01-05T15:40:51.698Z" }
wheels = [
    { url = "https://files.pythonhosted.org/packages/2d/61/08076519c80041bc0ffa1a8af0cbd3bf3e2b62af10435d269a9d0f40564d/requests-2.27.1-py2.py3-none-any.whl", hash = "sha256:f22fa1e554c9ddfd16e6e41ac79759e17be9e492b3587efa038054674760e72d", size = 63133, upload-time = "2022-01-05T15:40:49.334Z" },
]

[[package]]
name = "rich"
version = "14.2.0"
source = { registry = "https://pypi.org/simple" }
dependencies = [
    { name = "markdown-it-py" },
    { name = "pygments" },
]
sdist = { url = "https://files.pythonhosted.org/packages/fb/d2/8920e102050a0de7bfabeb4c4614a49248cf8d5d7a8d01885fbb24dc767a/rich-14.2.0.tar.gz", hash = "sha256:73ff50c7c0c1c77c8243079283f4edb376f0f6442433aecb8ce7e6d0b92d1fe4", size = 219990, upload-time = "2025-10-09T14:16:53.064Z" }
wheels = [
    { url = "https://files.pythonhosted.org/packages/25/7a/b0178788f8dc6cafce37a212c99565fa1fe7872c70c6c9c1e1a372d9d88f/rich-14.2.0-py3-none-any.whl", hash = "sha256:76bc51fe2e57d2b1be1f96c524b890b816e334ab4c1e45888799bfaab0021edd", size = 243393, upload-time = "2025-10-09T14:16:51.245Z" },
]

[[package]]
name = "rpds-py"
version = "0.30.0"
source = { registry = "https://pypi.org/simple" }
sdist = { url = "https://files.pythonhosted.org/packages/20/af/3f2f423103f1113b36230496629986e0ef7e199d2aa8392452b484b38ced/rpds_py-0.30.0.tar.gz", hash = "sha256:dd8ff7cf90014af0c0f787eea34794ebf6415242ee1d6fa91eaba725cc441e84", size = 69469, upload-time = "2025-11-30T20:24:38.837Z" }
wheels = [
    { url = "https://files.pythonhosted.org/packages/06/0c/0c411a0ec64ccb6d104dcabe0e713e05e153a9a2c3c2bd2b32ce412166fe/rpds_py-0.30.0-cp310-cp310-macosx_10_12_x86_64.whl", hash = "sha256:679ae98e00c0e8d68a7fda324e16b90fd5260945b45d3b824c892cec9eea3288", size = 370490, upload-time = "2025-11-30T20:21:33.256Z" },
    { url = "https://files.pythonhosted.org/packages/19/6a/4ba3d0fb7297ebae71171822554abe48d7cab29c28b8f9f2c04b79988c05/rpds_py-0.30.0-cp310-cp310-macosx_11_0_arm64.whl", hash = "sha256:4cc2206b76b4f576934f0ed374b10d7ca5f457858b157ca52064bdfc26b9fc00", size = 359751, upload-time = "2025-11-30T20:21:34.591Z" },
    { url = "https://files.pythonhosted.org/packages/cd/7c/e4933565ef7f7a0818985d87c15d9d273f1a649afa6a52ea35ad011195ea/rpds_py-0.30.0-cp310-cp310-manylinux_2_17_aarch64.manylinux2014_aarch64.whl", hash = "sha256:389a2d49eded1896c3d48b0136ead37c48e221b391c052fba3f4055c367f60a6", size = 389696, upload-time = "2025-11-30T20:21:36.122Z" },
    { url = "https://files.pythonhosted.org/packages/5e/01/6271a2511ad0815f00f7ed4390cf2567bec1d4b1da39e2c27a41e6e3b4de/rpds_py-0.30.0-cp310-cp310-manylinux_2_17_armv7l.manylinux2014_armv7l.whl", hash = "sha256:32c8528634e1bf7121f3de08fa85b138f4e0dc47657866630611b03967f041d7", size = 403136, upload-time = "2025-11-30T20:21:37.728Z" },
    { url = "https://files.pythonhosted.org/packages/55/64/c857eb7cd7541e9b4eee9d49c196e833128a55b89a9850a9c9ac33ccf897/rpds_py-0.30.0-cp310-cp310-manylinux_2_17_ppc64le.manylinux2014_ppc64le.whl", hash = "sha256:f207f69853edd6f6700b86efb84999651baf3789e78a466431df1331608e5324", size = 524699, upload-time = "2025-11-30T20:21:38.92Z" },
    { url = "https://files.pythonhosted.org/packages/9c/ed/94816543404078af9ab26159c44f9e98e20fe47e2126d5d32c9d9948d10a/rpds_py-0.30.0-cp310-cp310-manylinux_2_17_s390x.manylinux2014_s390x.whl", hash = "sha256:67b02ec25ba7a9e8fa74c63b6ca44cf5707f2fbfadae3ee8e7494297d56aa9df", size = 412022, upload-time = "2025-11-30T20:21:40.407Z" },
    { url = "https://files.pythonhosted.org/packages/61/b5/707f6cf0066a6412aacc11d17920ea2e19e5b2f04081c64526eb35b5c6e7/rpds_py-0.30.0-cp310-cp310-manylinux_2_17_x86_64.manylinux2014_x86_64.whl", hash = "sha256:0c0e95f6819a19965ff420f65578bacb0b00f251fefe2c8b23347c37174271f3", size = 390522, upload-time = "2025-11-30T20:21:42.17Z" },
    { url = "https://files.pythonhosted.org/packages/13/4e/57a85fda37a229ff4226f8cbcf09f2a455d1ed20e802ce5b2b4a7f5ed053/rpds_py-0.30.0-cp310-cp310-manylinux_2_31_riscv64.whl", hash = "sha256:a452763cc5198f2f98898eb98f7569649fe5da666c2dc6b5ddb10fde5a574221", size = 404579, upload-time = "2025-11-30T20:21:43.769Z" },
    { url = "https://files.pythonhosted.org/packages/f9/da/c9339293513ec680a721e0e16bf2bac3db6e5d7e922488de471308349bba/rpds_py-0.30.0-cp310-cp310-manylinux_2_5_i686.manylinux1_i686.whl", hash = "sha256:e0b65193a413ccc930671c55153a03ee57cecb49e6227204b04fae512eb657a7", size = 421305, upload-time = "2025-11-30T20:21:44.994Z" },
    { url = "https://files.pythonhosted.org/packages/f9/be/522cb84751114f4ad9d822ff5a1aa3c98006341895d5f084779b99596e5c/rpds_py-0.30.0-cp310-cp310-musllinux_1_2_aarch64.whl", hash = "sha256:858738e9c32147f78b3ac24dc0edb6610000e56dc0f700fd5f651d0a0f0eb9ff", size = 572503, upload-time = "2025-11-30T20:21:46.91Z" },
    { url = "https://files.pythonhosted.org/packages/a2/9b/de879f7e7ceddc973ea6e4629e9b380213a6938a249e94b0cdbcc325bb66/rpds_py-0.30.0-cp310-cp310-musllinux_1_2_i686.whl", hash = "sha256:da279aa314f00acbb803da1e76fa18666778e8a8f83484fba94526da5de2cba7", size = 598322, upload-time = "2025-11-30T20:21:48.709Z" },
    { url = "https://files.pythonhosted.org/packages/48/ac/f01fc22efec3f37d8a914fc1b2fb9bcafd56a299edbe96406f3053edea5a/rpds_py-0.30.0-cp310-cp310-musllinux_1_2_x86_64.whl", hash = "sha256:7c64d38fb49b6cdeda16ab49e35fe0da2e1e9b34bc38bd78386530f218b37139", size = 560792, upload-time = "2025-11-30T20:21:50.024Z" },
    { url = "https://files.pythonhosted.org/packages/e2/da/4e2b19d0f131f35b6146425f846563d0ce036763e38913d917187307a671/rpds_py-0.30.0-cp310-cp310-win32.whl", hash = "sha256:6de2a32a1665b93233cde140ff8b3467bdb9e2af2b91079f0333a0974d12d464", size = 221901, upload-time = "2025-11-30T20:21:51.32Z" },
    { url = "https://files.pythonhosted.org/packages/96/cb/156d7a5cf4f78a7cc571465d8aec7a3c447c94f6749c5123f08438bcf7bc/rpds_py-0.30.0-cp310-cp310-win_amd64.whl", hash = "sha256:1726859cd0de969f88dc8673bdd954185b9104e05806be64bcd87badbe313169", size = 235823, upload-time = "2025-11-30T20:21:52.505Z" },
]

[[package]]
name = "shellingham"
version = "1.5.4"
source = { registry = "https://pypi.org/simple" }
sdist = { url = "https://files.pythonhosted.org/packages/58/15/8b3609fd3830ef7b27b655beb4b4e9c62313a4e8da8c676e142cc210d58e/shellingham-1.5.4.tar.gz", hash = "sha256:8dbca0739d487e5bd35ab3ca4b36e11c4078f3a234bfce294b0a0291363404de", size = 10310, upload-time = "2023-10-24T04:13:40.426Z" }
wheels = [
    { url = "https://files.pythonhosted.org/packages/e0/f9/0595336914c5619e5f28a1fb793285925a8cd4b432c9da0a987836c7f822/shellingham-1.5.4-py2.py3-none-any.whl", hash = "sha256:7ecfff8f2fd72616f7481040475a65b2bf8af90a56c89140852d1120324e8686", size = 9755, upload-time = "2023-10-24T04:13:38.866Z" },
]

[[package]]
name = "tinycss2"
version = "1.1.1"
source = { registry = "https://pypi.org/simple" }
dependencies = [
    { name = "webencodings" },
]
sdist = { url = "https://files.pythonhosted.org/packages/1e/5a/576828164b5486f319c4323915b915a8af3fa4a654bbb6f8fc8e87b5cb17/tinycss2-1.1.1.tar.gz", hash = "sha256:b2e44dd8883c360c35dd0d1b5aad0b610e5156c2cb3b33434634e539ead9d8bf", size = 65703, upload-time = "2021-11-22T17:59:14.235Z" }
wheels = [
    { url = "https://files.pythonhosted.org/packages/53/7b/5dba39bf0572f1f28e2844f08f74a73482a381de1d1feac3bbc6b808051e/tinycss2-1.1.1-py3-none-any.whl", hash = "sha256:fe794ceaadfe3cf3e686b22155d0da5780dd0e273471a51846d0a02bc204fec8", size = 21883, upload-time = "2021-11-22T17:59:08.603Z" },
]

[[package]]
name = "typer"
version = "0.21.1"
source = { registry = "https://pypi.org/simple" }
dependencies = [
    { name = "click" },
    { name = "rich" },
    { name = "shellingham" },
    { name = "typing-extensions" },
]
sdist = { url = "https://files.pythonhosted.org/packages/36/bf/8825b5929afd84d0dabd606c67cd57b8388cb3ec385f7ef19c5cc2202069/typer-0.21.1.tar.gz", hash = "sha256:ea835607cd752343b6b2b7ce676893e5a0324082268b48f27aa058bdb7d2145d", size = 110371, upload-time = "2026-01-06T11:21:10.989Z" }
wheels = [
    { url = "https://files.pythonhosted.org/packages/a0/1d/d9257dd49ff2ca23ea5f132edf1281a0c4f9de8a762b9ae399b670a59235/typer-0.21.1-py3-none-any.whl", hash = "sha256:7985e89081c636b88d172c2ee0cfe33c253160994d47bdfdc302defd7d1f1d01", size = 47381, upload-time = "2026-01-06T11:21:09.824Z" },
]

[[package]]
name = "typing-extensions"
version = "4.15.0"
source = { registry = "https://pypi.org/simple" }
sdist = { url = "https://files.pythonhosted.org/packages/72/94/1a15dd82efb362ac84269196e94cf00f187f7ed21c242792a923cdb1c61f/typing_extensions-4.15.0.tar.gz", hash = "sha256:0cea48d173cc12fa28ecabc3b837ea3cf6f38c6d1136f85cbaaf598984861466", size = 109391, upload-time = "2025-08-25T13:49:26.313Z" }
wheels = [
    { url = "https://files.pythonhosted.org/packages/18/67/36e9267722cc04a6b9f15c7f3441c2363321a3ea07da7ae0c0707beb2a9c/typing_extensions-4.15.0-py3-none-any.whl", hash = "sha256:f0fa19c6845758ab08074a0cfa8b7aecb71c999ca73d62883bc25cc018c4e548", size = 44614, upload-time = "2025-08-25T13:49:24.86Z" },
]

[[package]]
name = "urllib3"
version = "1.26.20"
source = { registry = "https://pypi.org/simple" }
sdist = { url = "https://files.pythonhosted.org/packages/e4/e8/6ff5e6bc22095cfc59b6ea711b687e2b7ed4bdb373f7eeec370a97d7392f/urllib3-1.26.20.tar.gz", hash = "sha256:40c2dc0c681e47eb8f90e7e27bf6ff7df2e677421fd46756da1161c39ca70d32", size = 307380, upload-time = "2024-08-29T15:43:11.37Z" }
wheels = [
    { url = "https://files.pythonhosted.org/packages/33/cf/8435d5a7159e2a9c83a95896ed596f68cf798005fe107cc655b5c5c14704/urllib3-1.26.20-py2.py3-none-any.whl", hash = "sha256:0ed14ccfbf1c30a9072c7ca157e4319b70d65f623e91e7b32fadb2853431016e", size = 144225, upload-time = "2024-08-29T15:43:08.921Z" },
]

[[package]]
name = "webencodings"
version = "0.5.1"
source = { registry = "https://pypi.org/simple" }
sdist = { url = "https://files.pythonhosted.org/packages/0b/02/ae6ceac1baeda530866a85075641cec12989bd8d31af6d5ab4a3e8c92f47/webencodings-0.5.1.tar.gz", hash = "sha256:b36a1c245f2d304965eb4e0a82848379241dc04b865afcc4aab16748587e1923", size = 9721, upload-time = "2017-04-05T20:21:34.189Z" }
wheels = [
    { url = "https://files.pythonhosted.org/packages/f4/24/2a3e3df732393fed8b3ebf2ec078f05546de641fe1b667ee316ec1dcf3b7/webencodings-0.5.1-py2.py3-none-any.whl", hash = "sha256:a0af1213f3c2226497a97e2b3aa01a7e4bee4f403f95be16fc9acd2947514a78", size = 11774, upload-time = "2017-04-05T20:21:32.581Z" },
]

[[package]]
name = "xdg-base-dirs"
version = "6.0.2"
source = { registry = "https://pypi.org/simple" }
sdist = { url = "https://files.pythonhosted.org/packages/bf/d0/bbe05a15347538aaf9fa5b51ac3b97075dfb834931fcb77d81fbdb69e8f6/xdg_base_dirs-6.0.2.tar.gz", hash = "sha256:950504e14d27cf3c9cb37744680a43bf0ac42efefc4ef4acf98dc736cab2bced", size = 4085, upload-time = "2024-10-19T14:35:08.114Z" }
wheels = [
    { url = "https://files.pythonhosted.org/packages/fc/03/030b47fd46b60fc87af548e57ff59c2ca84b2a1dadbe721bb0ce33896b2e/xdg_base_dirs-6.0.2-py3-none-any.whl", hash = "sha256:3c01d1b758ed4ace150ac960ac0bd13ce4542b9e2cdf01312dcda5012cfebabe", size = 4747, upload-time = "2024-10-19T14:35:05.931Z" },
]
